
Microsoft Visual Studio Solution File, Format Version 12.00
# Visual Studio Version 17
VisualStudioVersion = 17.5.002.0
MinimumVisualStudioVersion = 10.0.40219.1
Project("{9A19103F-16F7-4668-BE54-9A1E7A4F7556}") = "task000_квадрат_числа", "task000_квадрат_числа\task000_квадрат_числа.csproj", "{79D8F467-5F4B-4BFD-AF26-B8186EFE6882}"
EndProject
Global
	GlobalSection(SolutionConfigurationPlatforms) = preSolution
		Debug|Any CPU = Debug|Any CPU
		Release|Any CPU = Release|Any CPU
	EndGlobalSection
	GlobalSection(ProjectConfigurationPlatforms) = postSolution
		{79D8F467-5F4B-4BFD-AF26-B8186EFE6882}.Debug|Any CPU.ActiveCfg = Debug|Any CPU
		{79D8F467-5F4B-4BFD-AF26-B8186EFE6882}.Debug|Any CPU.Build.0 = Debug|Any CPU
		{79D8F467-5F4B-4BFD-AF26-B8186EFE6882}.Release|Any CPU.ActiveCfg = Release|Any CPU
		{79D8F467-5F4B-4BFD-AF26-B8186EFE6882}.Release|Any CPU.Build.0 = Release|Any CPU
	EndGlobalSection
	GlobalSection(SolutionProperties) = preSolution
		HideSolutionNode = FALSE
	EndGlobalSection
	GlobalSection(ExtensibilityGlobals) = postSolution
		SolutionGuid = {7831C61A-EE29-40BB-ABB7-D34A30FC0DBA}
	EndGlobalSection
EndGlobal
